Microsoft Visual Studio Solution File, Format Version 12.00
# Visual Studio Version 17
VisualStudioVersion = 17.5.2.0
MinimumVisualStudioVersion = 10.0.40219.1
Project("{FAE04EC0-301F-11D3-BF4B-00C04F79EFBC}") = "Emby.YouTubePlugin", "Emby.YouTubePlugin.csproj", "{8FA143E5-F28E-BC78-FBEB-204AEBB913F9}"
EndProject
Global
	GlobalSection(SolutionConfigurationPlatforms) = preSolution
		Debug|Any CPU = Debug|Any CPU
		Release|Any CPU = Release|Any CPU
	EndGlobalSection
	GlobalSection(ProjectConfigurationPlatforms) = postSolution
		{8FA143E5-F28E-BC78-FBEB-204AEBB913F9}.Debug|Any CPU.ActiveCfg = Debug|Any CPU
		{8FA143E5-F28E-BC78-FBEB-204AEBB913F9}.Debug|Any CPU.Build.0 = Debug|Any CPU
		{8FA143E5-F28E-BC78-FBEB-204AEBB913F9}.Release|Any CPU.ActiveCfg = Release|Any CPU
		{8FA143E5-F28E-BC78-FBEB-204AEBB913F9}.Release|Any CPU.Build.0 = Release|Any CPU
	EndGlobalSection
	GlobalSection(SolutionProperties) = preSolution
		HideSolutionNode = FALSE
	EndGlobalSection
	GlobalSection(ExtensibilityGlobals) = postSolution
		SolutionGuid = {62EF6788-E430-41F3-9B8B-96F7B571E268}
	EndGlobalSection
EndGlobal
